
Microsoft Visual Studio Solution File, Format Version 12.00
# Visual Studio Version 17
VisualStudioVersion = 17.14.36518.9 d17.14
MinimumVisualStudioVersion = 10.0.40219.1
Project("{FAE04EC0-301F-11D3-BF4B-00C04F79EFBC}") = "VeterinariaProyecto", "VeterinariaProyecto\VeterinariaProyecto.csproj", "{6B53B6D4-9796-4B2A-A405-220679CB38CB}"
EndProject
Global
	GlobalSection(SolutionConfigurationPlatforms) = preSolution
		Debug|Any CPU = Debug|Any CPU
		Release|Any CPU = Release|Any CPU
	EndGlobalSection
	GlobalSection(ProjectConfigurationPlatforms) = postSolution
		{6B53B6D4-9796-4B2A-A405-220679CB38CB}.Debug|Any CPU.ActiveCfg = Debug|Any CPU
		{6B53B6D4-9796-4B2A-A405-220679CB38CB}.Debug|Any CPU.Build.0 = Debug|Any CPU
		{6B53B6D4-9796-4B2A-A405-220679CB38CB}.Release|Any CPU.ActiveCfg = Release|Any CPU
		{6B53B6D4-9796-4B2A-A405-220679CB38CB}.Release|Any CPU.Build.0 = Release|Any CPU
	EndGlobalSection
	GlobalSection(SolutionProperties) = preSolution
		HideSolutionNode = FALSE
	EndGlobalSection
	GlobalSection(ExtensibilityGlobals) = postSolution
		SolutionGuid = {09D112F0-D68F-401A-BAF8-F562A6C73AF9}
	EndGlobalSection
EndGlobal
